{
  "originHash" : "ee17c4e350dfd666841f5165991c19d16cc86282655b7228abd367675e17f44d",
  "pins" : [
    {
      "identity" : "aecaudiostream",
      "kind" : "remoteSourceControl",
      "location" : "https://github.com/lihaoyun6/AECAudioStream.git",
      "state" : {
        "branch" : "main",
        "revision" : "0eab971c1dd0420ee84646c71172dd66fa59117c"
      }
    },
    {
      "identity" : "keyboardshortcuts",
      "kind" : "remoteSourceControl",
      "location" : "https://github.com/sindresorhus/KeyboardShortcuts.git",
      "state" : {
        "revision" : "7ecc38bb6edf7d087d30e737057b8d8a9b7f51eb",
        "version" : "2.2.4"
      }
    },
    {
      "identity" : "matrixcolorselector",
      "kind" : "remoteSourceControl",
      "location" : "https://github.com/lihaoyun6/MatrixColorSelector.git",
      "state" : {
        "branch" : "main",
        "revision" : "0853e68c0c9b205ffe6a963f2a56b26e6ceca51a"
      }
    },
    {
      "identity" : "sparkle",
      "kind" : "remoteSourceControl",
      "location" : "https://github.com/sparkle-project/Sparkle",
      "state" : {
        "revision" : "79bc9e872948e47877e76f194cb0c8e0412b0b90",
        "version" : "2.9.5"
      }
    },
    {
      "identity" : "swiftlame",
      "kind" : "remoteSourceControl",
      "location" : "https://github.com/hidden-spectrum/SwiftLAME.git",
      "state" : {
        "revision" : "e8256a8151594f47f103c742f684253c6c44871d"
      }
    }
  ],
  "version" : 3
}
